<?xml version="1.0" encoding="utf-8"?>
<Project ToolsVersion="4.0" xmlns="http://schemas.microsoft.com/developer/msbuild/2003">
  <ItemGroup>
    <Filter Include="resources">
      <UniqueIdentifier>{67DA6AB6-F800-4c08-8B7A-83BB121AAD01}</UniqueIdentifier>
      <Extensions>qrc;rc;ico;cur;bmp;dlg;rc2;rct;bin;rgs;gif;jpg;jpeg;jpe;resx;tiff;tif;png;wav;mfcribbon-ms</Extensions>
    </Filter>
    <Filter Include="views">
      <UniqueIdentifier>{96cb9c0b-cf11-4847-9b22-595545c844f8}</UniqueIdentifier>
    </Filter>
    <Filter Include="models">
      <UniqueIdentifier>{1e090619-8454-4f30-ba00-73be68ab9b5a}</UniqueIdentifier>
    </Filter>
  </ItemGroup>
  <ItemGroup>
    <QtRcc Include="VehicleAccountingSystem.qrc">
      <Filter>resources</Filter>
    </QtRcc>
  </ItemGroup>
  <ItemGroup>
    <ClCompile Include="VehicleAccountingSystem.cpp">
      <Filter>views</Filter>
    </ClCompile>
    <ClCompile Include="main.cpp" />
  </ItemGroup>
  <ItemGroup>
    <QtMoc Include="VehicleAccountingSystem.h">
      <Filter>views</Filter>
    </QtMoc>
  </ItemGroup>
  <ItemGroup>
    <QtUic Include="VehicleAccountingSystem.ui">
      <Filter>views</Filter>
    </QtUic>
  </ItemGroup>
</Project>